
Microsoft Visual Studio Solution File, Format Version 12.00
# Visual Studio 15
VisualStudioVersion = 15.0.28010.2046
MinimumVisualStudioVersion = 10.0.40219.1
Project("{FAE04EC0-301F-11D3-BF4B-00C04F79EFBC}") = "Aansturingsprogramma", "Aansturingsprogramma\Aansturingsprogramma.csproj", "{0657EBF1-D28C-4852-B1AC-4D9EE2423E62}"
EndProject
Global
	GlobalSection(SolutionConfigurationPlatforms) = preSolution
		Debug|Any CPU = Debug|Any CPU
		Release|Any CPU = Release|Any CPU
	EndGlobalSection
	GlobalSection(ProjectConfigurationPlatforms) = postSolution
		{0657EBF1-D28C-4852-B1AC-4D9EE2423E62}.Debug|Any CPU.ActiveCfg = Debug|Any CPU
		{0657EBF1-D28C-4852-B1AC-4D9EE2423E62}.Debug|Any CPU.Build.0 = Debug|Any CPU
		{0657EBF1-D28C-4852-B1AC-4D9EE2423E62}.Release|Any CPU.ActiveCfg = Release|Any CPU
		{0657EBF1-D28C-4852-B1AC-4D9EE2423E62}.Release|Any CPU.Build.0 = Release|Any CPU
	EndGlobalSection
	GlobalSection(SolutionProperties) = preSolution
		HideSolutionNode = FALSE
	EndGlobalSection
	GlobalSection(ExtensibilityGlobals) = postSolution
		SolutionGuid = {BFA492EA-96E6-497C-BCFB-EC29ED709B54}
	EndGlobalSection
EndGlobal
